
Microsoft Visual Studio Solution File, Format Version 12.00
# Visual Studio 15
VisualStudioVersion = 15.0.27130.2024
MinimumVisualStudioVersion = 10.0.40219.1
Project("{8BC9CEB8-8B4A-11D0-8D11-00A0C91BC942}") = "Binary Tree Recursion", "Binary Tree Recursion\Binary Tree Recursion.vcxproj", "{70C049AD-3955-4012-AC35-8C0D3311ABBF}"
EndProject
Global
	GlobalSection(SolutionConfigurationPlatforms) = preSolution
		Debug|x64 = Debug|x64
		Debug|x86 = Debug|x86
		Release|x64 = Release|x64
		Release|x86 = Release|x86
	EndGlobalSection
	GlobalSection(ProjectConfigurationPlatforms) = postSolution
		{70C049AD-3955-4012-AC35-8C0D3311ABBF}.Debug|x64.ActiveCfg = Debug|x64
		{70C049AD-3955-4012-AC35-8C0D3311ABBF}.Debug|x64.Build.0 = Debug|x64
		{70C049AD-3955-4012-AC35-8C0D3311ABBF}.Debug|x86.ActiveCfg = Debug|Win32
		{70C049AD-3955-4012-AC35-8C0D3311ABBF}.Debug|x86.Build.0 = Debug|Win32
		{70C049AD-3955-4012-AC35-8C0D3311ABBF}.Release|x64.ActiveCfg = Release|x64
		{70C049AD-3955-4012-AC35-8C0D3311ABBF}.Release|x64.Build.0 = Release|x64
		{70C049AD-3955-4012-AC35-8C0D3311ABBF}.Release|x86.ActiveCfg = Release|Win32
		{70C049AD-3955-4012-AC35-8C0D3311ABBF}.Release|x86.Build.0 = Release|Win32
	EndGlobalSection
	GlobalSection(SolutionProperties) = preSolution
		HideSolutionNode = FALSE
	EndGlobalSection
	GlobalSection(ExtensibilityGlobals) = postSolution
		SolutionGuid = {3E5F4AED-1F5F-4D8A-B857-DDECFA6F8C1C}
	EndGlobalSection
EndGlobal
